<?xml version="1.0" encoding="utf-8"?>
<Project ToolsVersion="4.0" xmlns="http://schemas.microsoft.com/developer/msbuild/2003">
  <ItemGroup>
    <Filter Include="源文件">
      <UniqueIdentifier>{4FC737F1-C7A5-4376-A066-2A32D752A2FF}</UniqueIdentifier>
      <Extensions>cpp;c;cc;cxx;def;odl;idl;hpj;bat;asm;asmx</Extensions>
    </Filter>
    <Filter Include="头文件">
      <UniqueIdentifier>{93995380-89BD-4b04-88EB-625FBE52EBFB}</UniqueIdentifier>
      <Extensions>h;hpp;hxx;hm;inl;inc;xsd</Extensions>
    </Filter>
    <Filter Include="资源文件">
      <UniqueIdentifier>{67DA6AB6-F800-4c08-8B7A-83BB121AAD01}</UniqueIdentifier>
      <Extensions>rc;ico;cur;bmp;dlg;rc2;rct;bin;rgs;gif;jpg;jpeg;jpe;resx;tiff;tif;png;wav</Extensions>
    </Filter>
  </ItemGroup>
  <ItemGroup>
    <ClCompile Include="..\Classes\ActivationChangeMessage.cpp">
      <Filter>源文件</Filter>
    </ClCompile>
    <ClCompile Include="..\Classes\CheckBox.cpp">
      <Filter>源文件</Filter>
    </ClCompile>
    <ClCompile Include="..\Classes\CloseMessage.cpp">
      <Filter>源文件</Filter>
    </ClCompile>
    <ClCompile Include="..\Classes\dllmain.cpp">
      <Filter>源文件</Filter>
    </ClCompile>
    <ClCompile Include="..\Classes\FocusChangeMessage.cpp">
      <Filter>源文件</Filter>
    </ClCompile>
    <ClCompile Include="..\Classes\Geometry.cpp">
      <Filter>源文件</Filter>
    </ClCompile>
    <ClCompile Include="..\Classes\Graphic.cpp">
      <Filter>源文件</Filter>
    </ClCompile>
    <ClCompile Include="..\Classes\InputContext.cpp">
      <Filter>源文件</Filter>
    </ClCompile>
    <ClCompile Include="..\Classes\InputDevice.cpp">
      <Filter>源文件</Filter>
    </ClCompile>
    <ClCompile Include="..\Classes\InputEvent.cpp">
      <Filter>源文件</Filter>
    </ClCompile>
    <ClCompile Include="..\Classes\InputMessage.cpp">
      <Filter>源文件</Filter>
    </ClCompile>
    <ClCompile Include="..\Classes\InputState.cpp">
      <Filter>源文件</Filter>
    </ClCompile>
    <ClCompile Include="..\Classes\KeepAlive.cpp">
      <Filter>源文件</Filter>
    </ClCompile>
    <ClCompile Include="..\Classes\KeyboardDevice.cpp">
      <Filter>源文件</Filter>
    </ClCompile>
    <ClCompile Include="..\Classes\Label.cpp">
      <Filter>源文件</Filter>
    </ClCompile>
    <ClCompile Include="..\Classes\Manager.cpp">
      <Filter>源文件</Filter>
    </ClCompile>
    <ClCompile Include="..\Classes\Message.cpp">
      <Filter>源文件</Filter>
    </ClCompile>
    <ClCompile Include="..\Classes\MessageQueue.cpp">
      <Filter>源文件</Filter>
    </ClCompile>
    <ClCompile Include="..\Classes\MouseDevice.cpp">
      <Filter>源文件</Filter>
    </ClCompile>
    <ClCompile Include="..\Classes\Panel.cpp">
      <Filter>源文件</Filter>
    </ClCompile>
    <ClCompile Include="..\Classes\Point.cpp">
      <Filter>源文件</Filter>
    </ClCompile>
    <ClCompile Include="..\Classes\PointerMessage.cpp">
      <Filter>源文件</Filter>
    </ClCompile>
    <ClCompile Include="..\Classes\ProgressBar.cpp">
      <Filter>源文件</Filter>
    </ClCompile>
    <ClCompile Include="..\Classes\PushButton.cpp">
      <Filter>源文件</Filter>
    </ClCompile>
    <ClCompile Include="..\Classes\ResizeMessage.cpp">
      <Filter>源文件</Filter>
    </ClCompile>
    <ClCompile Include="..\Classes\stdafx.cpp">
      <Filter>源文件</Filter>
    </ClCompile>
    <ClCompile Include="..\Classes\Timer.cpp">
      <Filter>源文件</Filter>
    </ClCompile>
    <ClCompile Include="..\Classes\WebBrowser.cpp">
      <Filter>源文件</Filter>
    </ClCompile>
    <ClCompile Include="..\Classes\Widget.cpp">
      <Filter>源文件</Filter>
    </ClCompile>
    <ClCompile Include="..\Classes\WidgetHostWindow.cpp">
      <Filter>源文件</Filter>
    </ClCompile>
    <ClCompile Include="..\Classes\WidgetUI.cpp">
      <Filter>源文件</Filter>
    </ClCompile>
    <ClCompile Include="..\Classes\Window.cpp">
      <Filter>源文件</Filter>
    </ClCompile>
    <ClCompile Include="..\Classes\WindowDescription.cpp">
      <Filter>源文件</Filter>
    </ClCompile>
    <ClCompile Include="..\Classes\WindowManager.cpp">
      <Filter>源文件</Filter>
    </ClCompile>
    <ClCompile Include="..\Classes\AxWidget.cpp">
      <Filter>源文件</Filter>
    </ClCompile>
  </ItemGroup>
  <ItemGroup>
    <ClInclude Include="..\Classes\ActivationChangeMessage.h">
      <Filter>头文件</Filter>
    </ClInclude>
    <ClInclude Include="..\Classes\CheckBox.h">
      <Filter>头文件</Filter>
    </ClInclude>
    <ClInclude Include="..\Classes\CloseMessage.h">
      <Filter>头文件</Filter>
    </ClInclude>
    <ClInclude Include="..\Classes\FocusChangeMessage.h">
      <Filter>头文件</Filter>
    </ClInclude>
    <ClInclude Include="..\Classes\Geometry.h">
      <Filter>头文件</Filter>
    </ClInclude>
    <ClInclude Include="..\Classes\Graphic.h">
      <Filter>头文件</Filter>
    </ClInclude>
    <ClInclude Include="..\Classes\InputContext.h">
      <Filter>头文件</Filter>
    </ClInclude>
    <ClInclude Include="..\Classes\InputDevice.h">
      <Filter>头文件</Filter>
    </ClInclude>
    <ClInclude Include="..\Classes\InputEvent.h">
      <Filter>头文件</Filter>
    </ClInclude>
    <ClInclude Include="..\Classes\InputMessage.h">
      <Filter>头文件</Filter>
    </ClInclude>
    <ClInclude Include="..\Classes\InputState.h">
      <Filter>头文件</Filter>
    </ClInclude>
    <ClInclude Include="..\Classes\KeepAlive.h">
      <Filter>头文件</Filter>
    </ClInclude>
    <ClInclude Include="..\Classes\KeyboardDevice.h">
      <Filter>头文件</Filter>
    </ClInclude>
    <ClInclude Include="..\Classes\Keys.h">
      <Filter>头文件</Filter>
    </ClInclude>
    <ClInclude Include="..\Classes\Label.h">
      <Filter>头文件</Filter>
    </ClInclude>
    <ClInclude Include="..\Classes\Manager.h">
      <Filter>头文件</Filter>
    </ClInclude>
    <ClInclude Include="..\Classes\Message.h">
      <Filter>头文件</Filter>
    </ClInclude>
    <ClInclude Include="..\Classes\MessageQueue.h">
      <Filter>头文件</Filter>
    </ClInclude>
    <ClInclude Include="..\Classes\MouseDevice.h">
      <Filter>头文件</Filter>
    </ClInclude>
    <ClInclude Include="..\Classes\Panel.h">
      <Filter>头文件</Filter>
    </ClInclude>
    <ClInclude Include="..\Classes\Point.h">
      <Filter>头文件</Filter>
    </ClInclude>
    <ClInclude Include="..\Classes\PointerMessage.h">
      <Filter>头文件</Filter>
    </ClInclude>
    <ClInclude Include="..\Classes\ProgressBar.h">
      <Filter>头文件</Filter>
    </ClInclude>
    <ClInclude Include="..\Classes\PushButton.h">
      <Filter>头文件</Filter>
    </ClInclude>
    <ClInclude Include="..\Classes\ResizeMessage.h">
      <Filter>头文件</Filter>
    </ClInclude>
    <ClInclude Include="..\Classes\Resource.h">
      <Filter>头文件</Filter>
    </ClInclude>
    <ClInclude Include="..\Classes\stdafx.h">
      <Filter>头文件</Filter>
    </ClInclude>
    <ClInclude Include="..\Classes\targetver.h">
      <Filter>头文件</Filter>
    </ClInclude>
    <ClInclude Include="..\Classes\Timer.h">
      <Filter>头文件</Filter>
    </ClInclude>
    <ClInclude Include="..\Classes\WebBrowser.h">
      <Filter>头文件</Filter>
    </ClInclude>
    <ClInclude Include="..\Classes\WebBrowserEventHandler.h">
      <Filter>头文件</Filter>
    </ClInclude>
    <ClInclude Include="..\Classes\Widget.h">
      <Filter>头文件</Filter>
    </ClInclude>
    <ClInclude Include="..\Classes\WidgetHostWindow.h">
      <Filter>头文件</Filter>
    </ClInclude>
    <ClInclude Include="..\Classes\WidgetUI.h">
      <Filter>头文件</Filter>
    </ClInclude>
    <ClInclude Include="..\Classes\Window.h">
      <Filter>头文件</Filter>
    </ClInclude>
    <ClInclude Include="..\Classes\WindowDescription.h">
      <Filter>头文件</Filter>
    </ClInclude>
    <ClInclude Include="..\Classes\WindowManager.h">
      <Filter>头文件</Filter>
    </ClInclude>
    <ClInclude Include="..\Classes\AxWidget.h">
      <Filter>头文件</Filter>
    </ClInclude>
  </ItemGroup>
  <ItemGroup>
    <ResourceCompile Include="..\Classes\WidgetUI.rc">
      <Filter>资源文件</Filter>
    </ResourceCompile>
  </ItemGroup>
  <ItemGroup>
    <None Include="..\Classes\ChangeLog" />
  </ItemGroup>
</Project>